// !$*UTF8*$!
{
	archiveVersion = 1;
	classes = {
	};
	objectVersion = 46;
	objects = {

/* Begin PBXBuildFile section */
		6C0485920C81ADC200509B4D /* ASCIIMoviePlayer in Resources */ = {isa = PBXBuildFile; fileRef = 6C0485910C81ADC200509B4D /* ASCIIMoviePlayer */; };
		6C0485D20C81B04200509B4D /* RetroController.m in Sources */ = {isa = PBXBuildFile; fileRef = 6C0485D00C81B04200509B4D /* RetroController.m */; };
		6C0488C60C8242AC00509B4D /* ASCII-Projektor-File-Icon.icns in Resources */ = {isa = PBXBuildFile; fileRef = 6C0488C50C8242AC00509B4D /* ASCII-Projektor-File-Icon.icns */; };
		6C1597CC0C78647800635B8F /* ComboBoxDataSources.m in Sources */ = {isa = PBXBuildFile; fileRef = 6C1597CB0C78647800635B8F /* ComboBoxDataSources.m */; };
		6C15996F0C7889FE00635B8F /* Localizable.strings in Resources */ = {isa = PBXBuildFile; fileRef = 6C15994E0C7888AD00635B8F /* Localizable.strings */; };
		6C159AC40C78A06600635B8F /* ASCII Projektor.icns in Resources */ = {isa = PBXBuildFile; fileRef = 6C159AC30C78A06600635B8F /* ASCII Projektor.icns */; };
		6C159B4C0C78AAA400635B8F /* AppDelegate.m in Sources */ = {isa = PBXBuildFile; fileRef = 6C159B4A0C78AAA400635B8F /* AppDelegate.m */; };
		6C159B550C78AC8F00635B8F /* Readme.rtf in Resources */ = {isa = PBXBuildFile; fileRef = 6C159B530C78AC8F00635B8F /* Readme.rtf */; };
		6C159B5C0C78AE3200635B8F /* Version History.rtf in Resources */ = {isa = PBXBuildFile; fileRef = 6C159B5A0C78AE3200635B8F /* Version History.rtf */; };
		6C97FB8A1B389E2000EEEBDE /* Sparkle.framework in CopyFiles */ = {isa = PBXBuildFile; fileRef = 6CCB5E7B195DDBA60087949B /* Sparkle.framework */; settings = {ATTRIBUTES = (CodeSignOnCopy, RemoveHeadersOnCopy, ); }; };
		6C97FB8B1B389E9E00EEEBDE /* Sparkle.framework in Frameworks */ = {isa = PBXBuildFile; fileRef = 6CCB5E7B195DDBA60087949B /* Sparkle.framework */; };
		6C97FB961B3A084900EEEBDE /* TileFilter.qtz in Resources */ = {isa = PBXBuildFile; fileRef = 6C97FB951B3A084900EEEBDE /* TileFilter.qtz */; };
		6C9FA45F0CC8C926000E2F7B /* InfoPlist.strings in Resources */ = {isa = PBXBuildFile; fileRef = 089C1660FE840EACC02AAC07 /* InfoPlist.strings */; };
		6CA7F8BF0C7CD8D50021D876 /* esDroppable.m in Sources */ = {isa = PBXBuildFile; fileRef = 6CA7F8BD0C7CD8D50021D876 /* esDroppable.m */; };
		6CC9EE67173FF0B700B80EC4 /* MainMenu.xib in Resources */ = {isa = PBXBuildFile; fileRef = 6CC9EE65173FF0B700B80EC4 /* MainMenu.xib */; };
		6CC9EE6D173FF12500B80EC4 /* MyDocument.xib in Resources */ = {isa = PBXBuildFile; fileRef = 6CC9EE6C173FF12500B80EC4 /* MyDocument.xib */; };
		6CC9EE85173FF50D00B80EC4 /* CoreData.framework in Frameworks */ = {isa = PBXBuildFile; fileRef = 13E42FBA07B3F13500E4EEF1 /* CoreData.framework */; };
		6CC9EE86173FF50F00B80EC4 /* QuartzComposer.framework in Frameworks */ = {isa = PBXBuildFile; fileRef = 6C1597BB0C785E6900635B8F /* QuartzComposer.framework */; };
		6CC9EE87173FF51200B80EC4 /* Cocoa.framework in Frameworks */ = {isa = PBXBuildFile; fileRef = 1058C7A7FEA54F5311CA2CBB /* Cocoa.framework */; };
		6CC9EE88173FF51600B80EC4 /* QTKit.framework in Frameworks */ = {isa = PBXBuildFile; fileRef = 6C0486F10C81F90A00509B4D /* QTKit.framework */; };
		6CFD4A450C7E38EF00B1469F /* MyDocumentController.m in Sources */ = {isa = PBXBuildFile; fileRef = 6CFD4A440C7E38EF00B1469F /* MyDocumentController.m */; };
		8D15AC2C0486D014006FF6A4 /* Credits.rtf in Resources */ = {isa = PBXBuildFile; fileRef = 2A37F4B9FDCFA73011CA2CEA /* Credits.rtf */; };
		8D15AC310486D014006FF6A4 /* MyDocument.m in Sources */ = {isa = PBXBuildFile; fileRef = 2A37F4ACFDCFA73011CA2CEA /* MyDocument.m */; settings = {ATTRIBUTES = (); }; };
		8D15AC320486D014006FF6A4 /* main.m in Sources */ = {isa = PBXBuildFile; fileRef = 2A37F4B0FDCFA73011CA2CEA /* main.m */; settings = {ATTRIBUTES = (); }; };
/* End PBXBuildFile section */

/* Begin PBXContainerItemProxy section */
		6CCB5E7A195DDBA60087949B /* PBXContainerItemProxy */ = {
			isa = PBXContainerItemProxy;
			containerPortal = 6CCB5E72195DDBA50087949B /* Sparkle.xcodeproj */;
			proxyType = 2;
			remoteGlobalIDString = 8DC2EF5B0486A6940098B216;
			remoteInfo = Sparkle;
		};
		6CCB5E7C195DDBA60087949B /* PBXContainerItemProxy */ = {
			isa = PBXContainerItemProxy;
			containerPortal = 6CCB5E72195DDBA50087949B /* Sparkle.xcodeproj */;
			proxyType = 2;
			remoteGlobalIDString = 61B5F90209C4CEE200B25A18;
			remoteInfo = "Sparkle Test App";
		};
		6CCB5E7E195DDBA60087949B /* PBXContainerItemProxy */ = {
			isa = PBXContainerItemProxy;
			containerPortal = 6CCB5E72195DDBA50087949B /* Sparkle.xcodeproj */;
			proxyType = 2;
			remoteGlobalIDString = 612279D90DB5470200AB99EA;
			remoteInfo = "Sparkle Unit Tests";
		};
		6CCB5E80195DDBA60087949B /* PBXContainerItemProxy */ = {
			isa = PBXContainerItemProxy;
			containerPortal = 6CCB5E72195DDBA50087949B /* Sparkle.xcodeproj */;
			proxyType = 2;
			remoteGlobalIDString = 5D06E8D00FD68C7C005AE3F6;
			remoteInfo = BinaryDelta;
		};
		6CCB5E82195DDBA60087949B /* PBXContainerItemProxy */ = {
			isa = PBXContainerItemProxy;
			containerPortal = 6CCB5E72195DDBA50087949B /* Sparkle.xcodeproj */;
			proxyType = 2;
			remoteGlobalIDString = 55C14BB7136EEF1500649790;
			remoteInfo = finish_installation;
		};
/* End PBXContainerItemProxy section */

/* Begin PBXCopyFilesBuildPhase section */
		6C159B010C78A21300635B8F /* CopyFiles */ = {
			isa = PBXCopyFilesBuildPhase;
			buildActionMask = 2147483647;
			dstPath = "";
			dstSubfolderSpec = 10;
			files = (
				6C97FB8A1B389E2000EEEBDE /* Sparkle.framework in CopyFiles */,
			);
			runOnlyForDeploymentPostprocessing = 0;
		};
/* End PBXCopyFilesBuildPhase section */

/* Begin PBXFileReference section */
		089C1660FE840EACC02AAC07 /* InfoPlist.strings */ = {isa = PBXFileReference; fileEncoding = 10; lastKnownFileType = text.plist.strings; path = InfoPlist.strings; sourceTree = "<group>"; };
		1058C7A7FEA54F5311CA2CBB /* Cocoa.framework */ = {isa = PBXFileReference; lastKnownFileType = wrapper.framework; name = Cocoa.framework; path = /System/Library/Frameworks/Cocoa.framework; sourceTree = "<absolute>"; };
		13E42FBA07B3F13500E4EEF1 /* CoreData.framework */ = {isa = PBXFileReference; lastKnownFileType = wrapper.framework; name = CoreData.framework; path = /System/Library/Frameworks/CoreData.framework; sourceTree = "<absolute>"; };
		2A37F4ACFDCFA73011CA2CEA /* MyDocument.m */ = {isa = PBXFileReference; fileEncoding = 4; lastKnownFileType = sourcecode.c.objc; path = MyDocument.m; sourceTree = "<group>"; };
		2A37F4AEFDCFA73011CA2CEA /* MyDocument.h */ = {isa = PBXFileReference; fileEncoding = 4; lastKnownFileType = sourcecode.c.h; path = MyDocument.h; sourceTree = "<group>"; };
		2A37F4B0FDCFA73011CA2CEA /* main.m */ = {isa = PBXFileReference; fileEncoding = 4; lastKnownFileType = sourcecode.c.objc; path = main.m; sourceTree = "<group>"; };
		32DBCF750370BD2300C91783 /* ASCII Projektor 2b_Prefix.pch */ = {isa = PBXFileReference; fileEncoding = 4; lastKnownFileType = sourcecode.c.h; path = "ASCII Projektor 2b_Prefix.pch"; sourceTree = "<group>"; };
		6C0485910C81ADC200509B4D /* ASCIIMoviePlayer */ = {isa = PBXFileReference; lastKnownFileType = "compiled.mach-o.executable"; name = ASCIIMoviePlayer; path = "../../../../Users/ssp/Developer/ASCII Projektor 1/ASCIIMoviePlayerSample+ES/ASCIIMoviePlayer"; sourceTree = DEVELOPER_DIR; };
		6C0485CF0C81B04200509B4D /* RetroController.h */ = {isa = PBXFileReference; fileEncoding = 4; lastKnownFileType = sourcecode.c.h; path = RetroController.h; sourceTree = "<group>"; };
		6C0485D00C81B04200509B4D /* RetroController.m */ = {isa = PBXFileReference; fileEncoding = 4; lastKnownFileType = sourcecode.c.objc; path = RetroController.m; sourceTree = "<group>"; };
		6C0486F10C81F90A00509B4D /* QTKit.framework */ = {isa = PBXFileReference; lastKnownFileType = wrapper.framework; name = QTKit.framework; path = /System/Library/Frameworks/QTKit.framework; sourceTree = "<absolute>"; };
		6C0488C50C8242AC00509B4D /* ASCII-Projektor-File-Icon.icns */ = {isa = PBXFileReference; lastKnownFileType = image.icns; name = "ASCII-Projektor-File-Icon.icns"; path = "Extras/ASCII-Projektor-File-Icon.icns"; sourceTree = "<group>"; };
		6C1597BB0C785E6900635B8F /* QuartzComposer.framework */ = {isa = PBXFileReference; lastKnownFileType = wrapper.framework; name = QuartzComposer.framework; path = /System/Library/Frameworks/Quartz.framework/Versions/A/Frameworks/QuartzComposer.framework; sourceTree = "<absolute>"; };
		6C1597CA0C78647800635B8F /* ComboBoxDataSources.h */ = {isa = PBXFileReference; fileEncoding = 4; lastKnownFileType = sourcecode.c.h; path = ComboBoxDataSources.h; sourceTree = "<group>"; };
		6C1597CB0C78647800635B8F /* ComboBoxDataSources.m */ = {isa = PBXFileReference; fileEncoding = 4; lastKnownFileType = sourcecode.c.objc; path = ComboBoxDataSources.m; sourceTree = "<group>"; };
		6C15994E0C7888AD00635B8F /* Localizable.strings */ = {isa = PBXFileReference; fileEncoding = 10; lastKnownFileType = text.plist.strings; path = Localizable.strings; sourceTree = "<group>"; };
		6C159AC30C78A06600635B8F /* ASCII Projektor.icns */ = {isa = PBXFileReference; lastKnownFileType = image.icns; path = "ASCII Projektor.icns"; sourceTree = "<group>"; };
		6C159B490C78AAA400635B8F /* AppDelegate.h */ = {isa = PBXFileReference; fileEncoding = 4; lastKnownFileType = sourcecode.c.h; path = AppDelegate.h; sourceTree = "<group>"; };
		6C159B4A0C78AAA400635B8F /* AppDelegate.m */ = {isa = PBXFileReference; fileEncoding = 4; lastKnownFileType = sourcecode.c.objc; path = AppDelegate.m; sourceTree = "<group>"; };
		6C97FB951B3A084900EEEBDE /* TileFilter.qtz */ = {isa = PBXFileReference; lastKnownFileType = "video.quartz-composer"; path = TileFilter.qtz; sourceTree = "<group>"; };
		6CA7F8BC0C7CD8D50021D876 /* esDroppable.h */ = {isa = PBXFileReference; fileEncoding = 4; lastKnownFileType = sourcecode.c.h; path = esDroppable.h; sourceTree = "<group>"; };
		6CA7F8BD0C7CD8D50021D876 /* esDroppable.m */ = {isa = PBXFileReference; fileEncoding = 4; lastKnownFileType = sourcecode.c.objc; path = esDroppable.m; sourceTree = "<group>"; };
		6CC9EE62173FF03C00B80EC4 /* en */ = {isa = PBXFileReference; lastKnownFileType = text.rtf; name = en; path = "en.lproj/Version History.rtf"; sourceTree = "<group>"; };
		6CC9EE63173FF04600B80EC4 /* en */ = {isa = PBXFileReference; lastKnownFileType = text.rtf; name = en; path = en.lproj/Readme.rtf; sourceTree = "<group>"; };
		6CC9EE64173FF05600B80EC4 /* en */ = {isa = PBXFileReference; lastKnownFileType = text.rtf; name = en; path = en.lproj/Credits.rtf; sourceTree = "<group>"; };
		6CC9EE66173FF0B700B80EC4 /* fr */ = {isa = PBXFileReference; lastKnownFileType = file.xib; name = fr; path = fr.lproj/MainMenu.xib; sourceTree = "<group>"; };
		6CC9EE68173FF0BC00B80EC4 /* en */ = {isa = PBXFileReference; lastKnownFileType = file.xib; name = en; path = en.lproj/MainMenu.xib; sourceTree = "<group>"; };
		6CC9EE69173FF0BF00B80EC4 /* de */ = {isa = PBXFileReference; lastKnownFileType = file.xib; name = de; path = de.lproj/MainMenu.xib; sourceTree = "<group>"; };
		6CC9EE6C173FF12500B80EC4 /* MyDocument.xib */ = {isa = PBXFileReference; fileEncoding = 4; lastKnownFileType = file.xib; path = MyDocument.xib; sourceTree = "<group>"; };
		6CC9EE891740095F00B80EC4 /* To Do */ = {isa = PBXFileReference; lastKnownFileType = text; path = "To Do"; sourceTree = "<group>"; };
		6CCB5E72195DDBA50087949B /* Sparkle.xcodeproj */ = {isa = PBXFileReference; lastKnownFileType = "wrapper.pb-project"; name = Sparkle.xcodeproj; path = sparkle/Sparkle.xcodeproj; sourceTree = "<group>"; };
		6CF7CF170C83131800B926E9 /* fr */ = {isa = PBXFileReference; lastKnownFileType = text.rtf; name = fr; path = fr.lproj/Credits.rtf; sourceTree = "<group>"; };
		6CF7CF180C83131F00B926E9 /* fr */ = {isa = PBXFileReference; lastKnownFileType = text.rtf; name = fr; path = fr.lproj/Readme.rtf; sourceTree = "<group>"; };
		6CF7CF190C83132500B926E9 /* fr */ = {isa = PBXFileReference; lastKnownFileType = text.rtf; name = fr; path = "fr.lproj/Version History.rtf"; sourceTree = "<group>"; };
		6CF7CF210C83140000B926E9 /* de */ = {isa = PBXFileReference; lastKnownFileType = text.rtf; name = de; path = de.lproj/Credits.rtf; sourceTree = "<group>"; };
		6CF7CF220C83140400B926E9 /* de */ = {isa = PBXFileReference; lastKnownFileType = text.rtf; name = de; path = de.lproj/Readme.rtf; sourceTree = "<group>"; };
		6CF7CF230C83140700B926E9 /* de */ = {isa = PBXFileReference; lastKnownFileType = text.rtf; name = de; path = "de.lproj/Version History.rtf"; sourceTree = "<group>"; };
		6CF7CFDD0C837F4E00B926E9 /* MyDocumentController.h */ = {isa = PBXFileReference; fileEncoding = 4; lastKnownFileType = sourcecode.c.h; path = MyDocumentController.h; sourceTree = "<group>"; };
		6CFD4A440C7E38EF00B1469F /* MyDocumentController.m */ = {isa = PBXFileReference; fileEncoding = 4; lastKnownFileType = sourcecode.c.objc; path = MyDocumentController.m; sourceTree = "<group>"; };
		8D15AC360486D014006FF6A4 /* Info.plist */ = {isa = PBXFileReference; fileEncoding = 4; lastKnownFileType = text.plist; path = Info.plist; sourceTree = "<group>"; };
		8D15AC370486D014006FF6A4 /* ASCII Projektor.app */ = {isa = PBXFileReference; explicitFileType = wrapper.application; includeInIndex = 0; path = "ASCII Projektor.app"; sourceTree = BUILT_PRODUCTS_DIR; };
/* End PBXFileReference section */

/* Begin PBXFrameworksBuildPhase section */
		8D15AC330486D014006FF6A4 /* Frameworks */ = {
			isa = PBXFrameworksBuildPhase;
			buildActionMask = 2147483647;
			files = (
				6CC9EE85173FF50D00B80EC4 /* CoreData.framework in Frameworks */,
				6CC9EE87173FF51200B80EC4 /* Cocoa.framework in Frameworks */,
				6CC9EE88173FF51600B80EC4 /* QTKit.framework in Frameworks */,
				6C97FB8B1B389E9E00EEEBDE /* Sparkle.framework in Frameworks */,
				6CC9EE86173FF50F00B80EC4 /* QuartzComposer.framework in Frameworks */,
			);
			runOnlyForDeploymentPostprocessing = 0;
		};
/* End PBXFrameworksBuildPhase section */

/* Begin PBXGroup section */
		19C28FB0FE9D524F11CA2CBB /* Products */ = {
			isa = PBXGroup;
			children = (
				8D15AC370486D014006FF6A4 /* ASCII Projektor.app */,
			);
			name = Products;
			sourceTree = "<group>";
		};
		2A37F4AAFDCFA73011CA2CEA /* ASCII Projektor 2b */ = {
			isa = PBXGroup;
			children = (
				6CC9EE891740095F00B80EC4 /* To Do */,
				6CCB5E72195DDBA50087949B /* Sparkle.xcodeproj */,
				2A37F4ABFDCFA73011CA2CEA /* Classes */,
				2A37F4AFFDCFA73011CA2CEA /* Other Sources */,
				2A37F4B8FDCFA73011CA2CEA /* Resources */,
				2A37F4C3FDCFA73011CA2CEA /* Frameworks */,
				19C28FB0FE9D524F11CA2CBB /* Products */,
			);
			name = "ASCII Projektor 2b";
			sourceTree = "<group>";
		};
		2A37F4ABFDCFA73011CA2CEA /* Classes */ = {
			isa = PBXGroup;
			children = (
				6C159B490C78AAA400635B8F /* AppDelegate.h */,
				6C159B4A0C78AAA400635B8F /* AppDelegate.m */,
				2A37F4AEFDCFA73011CA2CEA /* MyDocument.h */,
				2A37F4ACFDCFA73011CA2CEA /* MyDocument.m */,
				6CF7CFDD0C837F4E00B926E9 /* MyDocumentController.h */,
				6CFD4A440C7E38EF00B1469F /* MyDocumentController.m */,
				6C1597CA0C78647800635B8F /* ComboBoxDataSources.h */,
				6C1597CB0C78647800635B8F /* ComboBoxDataSources.m */,
				6CA7F8BC0C7CD8D50021D876 /* esDroppable.h */,
				6CA7F8BD0C7CD8D50021D876 /* esDroppable.m */,
				6C0485CF0C81B04200509B4D /* RetroController.h */,
				6C0485D00C81B04200509B4D /* RetroController.m */,
			);
			name = Classes;
			sourceTree = "<group>";
		};
		2A37F4AFFDCFA73011CA2CEA /* Other Sources */ = {
			isa = PBXGroup;
			children = (
				32DBCF750370BD2300C91783 /* ASCII Projektor 2b_Prefix.pch */,
				2A37F4B0FDCFA73011CA2CEA /* main.m */,
			);
			name = "Other Sources";
			sourceTree = "<group>";
		};
		2A37F4B8FDCFA73011CA2CEA /* Resources */ = {
			isa = PBXGroup;
			children = (
				6C0485910C81ADC200509B4D /* ASCIIMoviePlayer */,
				6C97FB951B3A084900EEEBDE /* TileFilter.qtz */,
				6C159AC30C78A06600635B8F /* ASCII Projektor.icns */,
				6C0488C50C8242AC00509B4D /* ASCII-Projektor-File-Icon.icns */,
				6C159B5A0C78AE3200635B8F /* Version History.rtf */,
				6C159B530C78AC8F00635B8F /* Readme.rtf */,
				2A37F4B9FDCFA73011CA2CEA /* Credits.rtf */,
				6CC9EE65173FF0B700B80EC4 /* MainMenu.xib */,
				6CC9EE6C173FF12500B80EC4 /* MyDocument.xib */,
				8D15AC360486D014006FF6A4 /* Info.plist */,
				089C1660FE840EACC02AAC07 /* InfoPlist.strings */,
				6C15994E0C7888AD00635B8F /* Localizable.strings */,
			);
			name = Resources;
			sourceTree = "<group>";
		};
		2A37F4C3FDCFA73011CA2CEA /* Frameworks */ = {
			isa = PBXGroup;
			children = (
				13E42FBA07B3F13500E4EEF1 /* CoreData.framework */,
				6C1597BB0C785E6900635B8F /* QuartzComposer.framework */,
				6C0486F10C81F90A00509B4D /* QTKit.framework */,
				1058C7A7FEA54F5311CA2CBB /* Cocoa.framework */,
			);
			name = Frameworks;
			sourceTree = "<group>";
		};
		6CCB5E73195DDBA50087949B /* Products */ = {
			isa = PBXGroup;
			children = (
				6CCB5E7B195DDBA60087949B /* Sparkle.framework */,
				6CCB5E7D195DDBA60087949B /* Sparkle Test App.app */,
				6CCB5E7F195DDBA60087949B /* Sparkle Unit Tests.xctest */,
				6CCB5E81195DDBA60087949B /* BinaryDelta */,
				6CCB5E83195DDBA60087949B /* Autoupdate.app */,
			);
			name = Products;
			sourceTree = "<group>";
		};
/* End PBXGroup section */

/* Begin PBXNativeTarget section */
		8D15AC270486D014006FF6A4 /* ASCII Projektor */ = {
			isa = PBXNativeTarget;
			buildConfigurationList = C05733C708A9546B00998B17 /* Build configuration list for PBXNativeTarget "ASCII Projektor" */;
			buildPhases = (
				8D15AC300486D014006FF6A4 /* Sources */,
				8D15AC2B0486D014006FF6A4 /* Resources */,
				6C159B010C78A21300635B8F /* CopyFiles */,
				8D15AC330486D014006FF6A4 /* Frameworks */,
				6C95D0741741913400F94FFD /* Run Script: Remove headers and superfluous Localisations */,
			);
			buildRules = (
			);
			dependencies = (
			);
			name = "ASCII Projektor";
			productInstallPath = "$(HOME)/Applications";
			productName = "ASCII Projektor 2b";
			productReference = 8D15AC370486D014006FF6A4 /* ASCII Projektor.app */;
			productType = "com.apple.product-type.application";
		};
/* End PBXNativeTarget section */

/* Begin PBXProject section */
		2A37F4A9FDCFA73011CA2CEA /* Project object */ = {
			isa = PBXProject;
			attributes = {
				LastUpgradeCheck = 0630;
			};
			buildConfigurationList = C05733CB08A9546B00998B17 /* Build configuration list for PBXProject "ASCII Projektor" */;
			compatibilityVersion = "Xcode 3.2";
			developmentRegion = English;
			hasScannedForEncodings = 1;
			knownRegions = (
				English,
				Japanese,
				French,
				German,
				fr,
				de,
			);
			mainGroup = 2A37F4AAFDCFA73011CA2CEA /* ASCII Projektor 2b */;
			projectDirPath = "";
			projectReferences = (
				{
					ProductGroup = 6CCB5E73195DDBA50087949B /* Products */;
					ProjectRef = 6CCB5E72195DDBA50087949B /* Sparkle.xcodeproj */;
				},
			);
			projectRoot = "";
			targets = (
				8D15AC270486D014006FF6A4 /* ASCII Projektor */,
			);
		};
/* End PBXProject section */

/* Begin PBXReferenceProxy section */
		6CCB5E7B195DDBA60087949B /* Sparkle.framework */ = {
			isa = PBXReferenceProxy;
			fileType = wrapper.framework;
			path = Sparkle.framework;
			remoteRef = 6CCB5E7A195DDBA60087949B /* PBXContainerItemProxy */;
			sourceTree = BUILT_PRODUCTS_DIR;
		};
		6CCB5E7D195DDBA60087949B /* Sparkle Test App.app */ = {
			isa = PBXReferenceProxy;
			fileType = wrapper.application;
			path = "Sparkle Test App.app";
			remoteRef = 6CCB5E7C195DDBA60087949B /* PBXContainerItemProxy */;
			sourceTree = BUILT_PRODUCTS_DIR;
		};
		6CCB5E7F195DDBA60087949B /* Sparkle Unit Tests.xctest */ = {
			isa = PBXReferenceProxy;
			fileType = wrapper.cfbundle;
			path = "Sparkle Unit Tests.xctest";
			remoteRef = 6CCB5E7E195DDBA60087949B /* PBXContainerItemProxy */;
			sourceTree = BUILT_PRODUCTS_DIR;
		};
		6CCB5E81195DDBA60087949B /* BinaryDelta */ = {
			isa = PBXReferenceProxy;
			fileType = "compiled.mach-o.executable";
			path = BinaryDelta;
			remoteRef = 6CCB5E80195DDBA60087949B /* PBXContainerItemProxy */;
			sourceTree = BUILT_PRODUCTS_DIR;
		};
		6CCB5E83195DDBA60087949B /* Autoupdate.app */ = {
			isa = PBXReferenceProxy;
			fileType = wrapper.application;
			path = Autoupdate.app;
			remoteRef = 6CCB5E82195DDBA60087949B /* PBXContainerItemProxy */;
			sourceTree = BUILT_PRODUCTS_DIR;
		};
/* End PBXReferenceProxy section */

/* Begin PBXResourcesBuildPhase section */
		8D15AC2B0486D014006FF6A4 /* Resources */ = {
			isa = PBXResourcesBuildPhase;
			buildActionMask = 2147483647;
			files = (
				8D15AC2C0486D014006FF6A4 /* Credits.rtf in Resources */,
				6C9FA45F0CC8C926000E2F7B /* InfoPlist.strings in Resources */,
				6C15996F0C7889FE00635B8F /* Localizable.strings in Resources */,
				6C159AC40C78A06600635B8F /* ASCII Projektor.icns in Resources */,
				6C159B550C78AC8F00635B8F /* Readme.rtf in Resources */,
				6C159B5C0C78AE3200635B8F /* Version History.rtf in Resources */,
				6C0485920C81ADC200509B4D /* ASCIIMoviePlayer in Resources */,
				6C0488C60C8242AC00509B4D /* ASCII-Projektor-File-Icon.icns in Resources */,
				6C97FB961B3A084900EEEBDE /* TileFilter.qtz in Resources */,
				6CC9EE67173FF0B700B80EC4 /* MainMenu.xib in Resources */,
				6CC9EE6D173FF12500B80EC4 /* MyDocument.xib in Resources */,
			);
			runOnlyForDeploymentPostprocessing = 0;
		};
/* End PBXResourcesBuildPhase section */

/* Begin PBXShellScriptBuildPhase section */
		6C95D0741741913400F94FFD /* Run Script: Remove headers and superfluous Localisations */ = {
			isa = PBXShellScriptBuildPhase;
			buildActionMask = 2147483647;
			files = (
			);
			inputPaths = (
			);
			name = "Run Script: Remove headers and superfluous Localisations";
			outputPaths = (
			);
			runOnlyForDeploymentPostprocessing = 0;
			shellPath = /bin/sh;
			shellScript = "cd \"$BUILT_PRODUCTS_DIR\"\ncd \"ASCII Projektor.app/Contents/\"\n\n# Sparkle cleanup\n# kill headers\ncd \"Frameworks/Sparkle.framework/\"\nls | grep Headers | xargs rm\ncd \"Versions/A\"\nls | grep Headers | xargs rm -r\n\n# kill unused localisations\ncd \"Resources\"\nfind . -name '*.lproj' | grep -v -E '(de|en|fr).lproj' | xargs rm -r\n";
		};
/* End PBXShellScriptBuildPhase section */

/* Begin PBXSourcesBuildPhase section */
		8D15AC300486D014006FF6A4 /* Sources */ = {
			isa = PBXSourcesBuildPhase;
			buildActionMask = 2147483647;
			files = (
				8D15AC310486D014006FF6A4 /* MyDocument.m in Sources */,
				8D15AC320486D014006FF6A4 /* main.m in Sources */,
				6C1597CC0C78647800635B8F /* ComboBoxDataSources.m in Sources */,
				6C159B4C0C78AAA400635B8F /* AppDelegate.m in Sources */,
				6CA7F8BF0C7CD8D50021D876 /* esDroppable.m in Sources */,
				6CFD4A450C7E38EF00B1469F /* MyDocumentController.m in Sources */,
				6C0485D20C81B04200509B4D /* RetroController.m in Sources */,
			);
			runOnlyForDeploymentPostprocessing = 0;
		};
/* End PBXSourcesBuildPhase section */

/* Begin PBXVariantGroup section */
		2A37F4B9FDCFA73011CA2CEA /* Credits.rtf */ = {
			isa = PBXVariantGroup;
			children = (
				6CF7CF170C83131800B926E9 /* fr */,
				6CF7CF210C83140000B926E9 /* de */,
				6CC9EE64173FF05600B80EC4 /* en */,
			);
			name = Credits.rtf;
			sourceTree = "<group>";
		};
		6C159B530C78AC8F00635B8F /* Readme.rtf */ = {
			isa = PBXVariantGroup;
			children = (
				6CF7CF180C83131F00B926E9 /* fr */,
				6CF7CF220C83140400B926E9 /* de */,
				6CC9EE63173FF04600B80EC4 /* en */,
			);
			name = Readme.rtf;
			sourceTree = "<group>";
		};
		6C159B5A0C78AE3200635B8F /* Version History.rtf */ = {
			isa = PBXVariantGroup;
			children = (
				6CF7CF190C83132500B926E9 /* fr */,
				6CF7CF230C83140700B926E9 /* de */,
				6CC9EE62173FF03C00B80EC4 /* en */,
			);
			name = "Version History.rtf";
			sourceTree = "<group>";
		};
		6CC9EE65173FF0B700B80EC4 /* MainMenu.xib */ = {
			isa = PBXVariantGroup;
			children = (
				6CC9EE66173FF0B700B80EC4 /* fr */,
				6CC9EE68173FF0BC00B80EC4 /* en */,
				6CC9EE69173FF0BF00B80EC4 /* de */,
			);
			name = MainMenu.xib;
			sourceTree = "<group>";
		};
/* End PBXVariantGroup section */

/* Begin XCBuildConfiguration section */
		C05733C808A9546B00998B17 /* Debug */ = {
			isa = XCBuildConfiguration;
			buildSettings = {
				CODE_SIGN_IDENTITY = "earthlingsoft Code Signing";
				COMBINE_HIDPI_IMAGES = YES;
				FRAMEWORK_SEARCH_PATHS = (
					"$(inherited)",
					"$(FRAMEWORK_SEARCH_PATHS_QUOTED_1)",
					"$(FRAMEWORK_SEARCH_PATHS_QUOTED_2)",
					"\"$(SYSTEM_LIBRARY_DIR)/Frameworks/Quartz.framework/Versions/A/Frameworks\"",
					"\"$(SRCROOT)/../../../../Library/Developer/Xcode/DerivedData/ASCII_Projektor-fpsbufjhqchijtfybujndfddrcqi/Build/Products/Release\"",
				);
				GCC_OPTIMIZATION_LEVEL = 0;
				INFOPLIST_FILE = Info.plist;
				PRODUCT_NAME = "ASCII Projektor";
				WRAPPER_EXTENSION = app;
			};
			name = Debug;
		};
		C05733C908A9546B00998B17 /* Release */ = {
			isa = XCBuildConfiguration;
			buildSettings = {
				CODE_SIGN_IDENTITY = "earthlingsoft Code Signing";
				COMBINE_HIDPI_IMAGES = YES;
				FRAMEWORK_SEARCH_PATHS = (
					"$(inherited)",
					"$(FRAMEWORK_SEARCH_PATHS_QUOTED_1)",
					"$(FRAMEWORK_SEARCH_PATHS_QUOTED_2)",
					"\"$(SYSTEM_LIBRARY_DIR)/Frameworks/Quartz.framework/Versions/A/Frameworks\"",
					"\"$(SRCROOT)/../../../../Library/Developer/Xcode/DerivedData/ASCII_Projektor-fpsbufjhqchijtfybujndfddrcqi/Build/Products/Release\"",
				);
				INFOPLIST_FILE = Info.plist;
				PRODUCT_NAME = "ASCII Projektor";
				WRAPPER_EXTENSION = app;
			};
			name = Release;
		};
		C05733CC08A9546B00998B17 /* Debug */ = {
			isa = XCBuildConfiguration;
			buildSettings = {
				CLANG_ENABLE_OBJC_ARC = YES;
				CODE_SIGN_IDENTITY = "";
				GCC_WARN_ABOUT_RETURN_TYPE = YES;
				GCC_WARN_UNUSED_VARIABLE = YES;
				MACOSX_DEPLOYMENT_TARGET = 10.9;
				ONLY_ACTIVE_ARCH = YES;
				PROVISIONING_PROFILE = "";
				SDKROOT = macosx;
			};
			name = Debug;
		};
		C05733CD08A9546B00998B17 /* Release */ = {
			isa = XCBuildConfiguration;
			buildSettings = {
				CLANG_ENABLE_OBJC_ARC = YES;
				CODE_SIGN_IDENTITY = "";
				GCC_WARN_ABOUT_RETURN_TYPE = YES;
				GCC_WARN_UNUSED_VARIABLE = YES;
				MACOSX_DEPLOYMENT_TARGET = 10.9;
				PROVISIONING_PROFILE = "";
				SDKROOT = macosx;
			};
			name = Release;
		};
/* End XCBuildConfiguration section */

/* Begin XCConfigurationList section */
		C05733C708A9546B00998B17 /* Build configuration list for PBXNativeTarget "ASCII Projektor" */ = {
			isa = XCConfigurationList;
			buildConfigurations = (
				C05733C808A9546B00998B17 /* Debug */,
				C05733C908A9546B00998B17 /* Release */,
			);
			defaultConfigurationIsVisible = 0;
			defaultConfigurationName = Release;
		};
		C05733CB08A9546B00998B17 /* Build configuration list for PBXProject "ASCII Projektor" */ = {
			isa = XCConfigurationList;
			buildConfigurations = (
				C05733CC08A9546B00998B17 /* Debug */,
				C05733CD08A9546B00998B17 /* Release */,
			);
			defaultConfigurationIsVisible = 0;
			defaultConfigurationName = Release;
		};
/* End XCConfigurationList section */
	};
	rootObject = 2A37F4A9FDCFA73011CA2CEA /* Project object */;
}
