// !$*UTF8*$!
{
	archiveVersion = 1;
	classes = {
	};
	objectVersion = 46;
	objects = {

/* Begin PBXBuildFile section */
		6C0485920C81ADC200509B4D /* ASCIIMoviePlayer in Resources */ = {isa = PBXBuildFile; fileRef = 6C0485910C81ADC200509B4D /* ASCIIMoviePlayer */; };
		6C0485D20C81B04200509B4D /* RetroController.m in Sources */ = {isa = PBXBuildFile; fileRef = 6C0485D00C81B04200509B4D /* RetroController.m */; };
		6C0488C60C8242AC00509B4D /* ASCII-Projektor-File-Icon.icns in Resources */ = {isa = PBXBuildFile; fileRef = 6C0488C50C8242AC00509B4D /* ASCII-Projektor-File-Icon.icns */; };
		6C1597BC0C785E6900635B8F /* QuartzComposer.framework in Frameworks */ = {isa = PBXBuildFile; fileRef = 6C1597BB0C785E6900635B8F /* QuartzComposer.framework */; };
		6C1597CC0C78647800635B8F /* ComboBoxDataSources.m in Sources */ = {isa = PBXBuildFile; fileRef = 6C1597CB0C78647800635B8F /* ComboBoxDataSources.m */; };
		6C15996F0C7889FE00635B8F /* Localizable.strings in Resources */ = {isa = PBXBuildFile; fileRef = 6C15994E0C7888AD00635B8F /* Localizable.strings */; };
		6C159AC40C78A06600635B8F /* ASCII Projektor.icns in Resources */ = {isa = PBXBuildFile; fileRef = 6C159AC30C78A06600635B8F /* ASCII Projektor.icns */; };
		6C159AED0C78A1ED00635B8F /* Sparkle.framework in Frameworks */ = {isa = PBXBuildFile; fileRef = 6C159AEC0C78A1ED00635B8F /* Sparkle.framework */; };
		6C159B050C78A21E00635B8F /* Sparkle.framework in CopyFiles */ = {isa = PBXBuildFile; fileRef = 6C159AEC0C78A1ED00635B8F /* Sparkle.framework */; };
		6C159B4C0C78AAA400635B8F /* AppDelegate.m in Sources */ = {isa = PBXBuildFile; fileRef = 6C159B4A0C78AAA400635B8F /* AppDelegate.m */; };
		6C159B550C78AC8F00635B8F /* Readme.rtf in Resources */ = {isa = PBXBuildFile; fileRef = 6C159B530C78AC8F00635B8F /* Readme.rtf */; };
		6C159B5C0C78AE3200635B8F /* Version History.rtf in Resources */ = {isa = PBXBuildFile; fileRef = 6C159B5A0C78AE3200635B8F /* Version History.rtf */; };
		6C5201D70C9AFFE000080F87 /* ESFullScreenWindow.m in Sources */ = {isa = PBXBuildFile; fileRef = 6C5201D60C9AFFE000080F87 /* ESFullScreenWindow.m */; };
		6C9FA45F0CC8C926000E2F7B /* InfoPlist.strings in Resources */ = {isa = PBXBuildFile; fileRef = 089C1660FE840EACC02AAC07 /* InfoPlist.strings */; };
		6CA7F7220C7CC6360021D876 /* QTKit.framework in Frameworks */ = {isa = PBXBuildFile; fileRef = 6CA7F7210C7CC6360021D876 /* QTKit.framework */; };
		6CA7F8BF0C7CD8D50021D876 /* esDroppable.m in Sources */ = {isa = PBXBuildFile; fileRef = 6CA7F8BD0C7CD8D50021D876 /* esDroppable.m */; };
		6CFD4A450C7E38EF00B1469F /* MyDocumentController.m in Sources */ = {isa = PBXBuildFile; fileRef = 6CFD4A440C7E38EF00B1469F /* MyDocumentController.m */; };
		8D15AC2C0486D014006FF6A4 /* Credits.rtf in Resources */ = {isa = PBXBuildFile; fileRef = 2A37F4B9FDCFA73011CA2CEA /* Credits.rtf */; };
		8D15AC2D0486D014006FF6A4 /* MainMenu.nib in Resources */ = {isa = PBXBuildFile; fileRef = 2A37F4B6FDCFA73011CA2CEA /* MainMenu.nib */; };
		8D15AC2E0486D014006FF6A4 /* MyDocument.nib in Resources */ = {isa = PBXBuildFile; fileRef = 2A37F4B4FDCFA73011CA2CEA /* MyDocument.nib */; };
		8D15AC310486D014006FF6A4 /* MyDocument.m in Sources */ = {isa = PBXBuildFile; fileRef = 2A37F4ACFDCFA73011CA2CEA /* MyDocument.m */; settings = {ATTRIBUTES = (); }; };
		8D15AC320486D014006FF6A4 /* main.m in Sources */ = {isa = PBXBuildFile; fileRef = 2A37F4B0FDCFA73011CA2CEA /* main.m */; settings = {ATTRIBUTES = (); }; };
		8D15AC340486D014006FF6A4 /* Cocoa.framework in Frameworks */ = {isa = PBXBuildFile; fileRef = 1058C7A7FEA54F5311CA2CBB /* Cocoa.framework */; };
/* End PBXBuildFile section */

/* Begin PBXCopyFilesBuildPhase section */
		6C159B010C78A21300635B8F /* CopyFiles */ = {
			isa = PBXCopyFilesBuildPhase;
			buildActionMask = 2147483647;
			dstPath = "";
			dstSubfolderSpec = 10;
			files = (
				6C159B050C78A21E00635B8F /* Sparkle.framework in CopyFiles */,
			);
			runOnlyForDeploymentPostprocessing = 0;
		};
/* End PBXCopyFilesBuildPhase section */

/* Begin PBXFileReference section */
		089C1660FE840EACC02AAC07 /* InfoPlist.strings */ = {isa = PBXFileReference; fileEncoding = 10; lastKnownFileType = text.plist.strings; path = InfoPlist.strings; sourceTree = "<group>"; };
		1058C7A7FEA54F5311CA2CBB /* Cocoa.framework */ = {isa = PBXFileReference; lastKnownFileType = wrapper.framework; name = Cocoa.framework; path = /System/Library/Frameworks/Cocoa.framework; sourceTree = "<absolute>"; };
		13E42FBA07B3F13500E4EEF1 /* CoreData.framework */ = {isa = PBXFileReference; lastKnownFileType = wrapper.framework; name = CoreData.framework; path = /System/Library/Frameworks/CoreData.framework; sourceTree = "<absolute>"; };
		2A37F4ACFDCFA73011CA2CEA /* MyDocument.m */ = {isa = PBXFileReference; fileEncoding = 4; lastKnownFileType = sourcecode.c.objc; path = MyDocument.m; sourceTree = "<group>"; };
		2A37F4AEFDCFA73011CA2CEA /* MyDocument.h */ = {isa = PBXFileReference; fileEncoding = 4; lastKnownFileType = sourcecode.c.h; path = MyDocument.h; sourceTree = "<group>"; };
		2A37F4B0FDCFA73011CA2CEA /* main.m */ = {isa = PBXFileReference; fileEncoding = 4; lastKnownFileType = sourcecode.c.objc; path = main.m; sourceTree = "<group>"; };
		2A37F4B5FDCFA73011CA2CEA /* MyDocument.xib */ = {isa = PBXFileReference; lastKnownFileType = file.xib; name = MyDocument.xib; path = English.lproj/MyDocument.xib; sourceTree = "<group>"; };
		2A37F4B7FDCFA73011CA2CEA /* MainMenu.xib */ = {isa = PBXFileReference; lastKnownFileType = file.xib; name = MainMenu.xib; path = English.lproj/MainMenu.xib; sourceTree = "<group>"; };
		2A37F4BAFDCFA73011CA2CEA /* English */ = {isa = PBXFileReference; lastKnownFileType = text.rtf; name = English; path = English.lproj/Credits.rtf; sourceTree = "<group>"; };
		2A37F4C4FDCFA73011CA2CEA /* AppKit.framework */ = {isa = PBXFileReference; lastKnownFileType = wrapper.framework; name = AppKit.framework; path = /System/Library/Frameworks/AppKit.framework; sourceTree = "<absolute>"; };
		2A37F4C5FDCFA73011CA2CEA /* Foundation.framework */ = {isa = PBXFileReference; lastKnownFileType = wrapper.framework; name = Foundation.framework; path = /System/Library/Frameworks/Foundation.framework; sourceTree = "<absolute>"; };
		32DBCF750370BD2300C91783 /* ASCII Projektor 2b_Prefix.pch */ = {isa = PBXFileReference; fileEncoding = 4; lastKnownFileType = sourcecode.c.h; path = "ASCII Projektor 2b_Prefix.pch"; sourceTree = "<group>"; };
		6C0485910C81ADC200509B4D /* ASCIIMoviePlayer */ = {isa = PBXFileReference; lastKnownFileType = "compiled.mach-o.executable"; name = ASCIIMoviePlayer; path = "../../../../Users/ssp/Developer/ASCII Projektor 1/ASCIIMoviePlayerSample+ES/ASCIIMoviePlayer"; sourceTree = DEVELOPER_DIR; };
		6C0485CF0C81B04200509B4D /* RetroController.h */ = {isa = PBXFileReference; fileEncoding = 4; lastKnownFileType = sourcecode.c.h; path = RetroController.h; sourceTree = "<group>"; };
		6C0485D00C81B04200509B4D /* RetroController.m */ = {isa = PBXFileReference; fileEncoding = 4; lastKnownFileType = sourcecode.c.objc; path = RetroController.m; sourceTree = "<group>"; };
		6C0486F10C81F90A00509B4D /* QTKit.framework */ = {isa = PBXFileReference; lastKnownFileType = wrapper.framework; name = QTKit.framework; path = /System/Library/Frameworks/QTKit.framework; sourceTree = "<absolute>"; };
		6C0488C50C8242AC00509B4D /* ASCII-Projektor-File-Icon.icns */ = {isa = PBXFileReference; lastKnownFileType = image.icns; name = "ASCII-Projektor-File-Icon.icns"; path = "Extras/ASCII-Projektor-File-Icon.icns"; sourceTree = "<group>"; };
		6C1597BB0C785E6900635B8F /* QuartzComposer.framework */ = {isa = PBXFileReference; lastKnownFileType = wrapper.framework; name = QuartzComposer.framework; path = /System/Library/Frameworks/Quartz.framework/Versions/A/Frameworks/QuartzComposer.framework; sourceTree = "<absolute>"; };
		6C1597CA0C78647800635B8F /* ComboBoxDataSources.h */ = {isa = PBXFileReference; fileEncoding = 4; lastKnownFileType = sourcecode.c.h; path = ComboBoxDataSources.h; sourceTree = "<group>"; };
		6C1597CB0C78647800635B8F /* ComboBoxDataSources.m */ = {isa = PBXFileReference; fileEncoding = 4; lastKnownFileType = sourcecode.c.objc; path = ComboBoxDataSources.m; sourceTree = "<group>"; };
		6C15994E0C7888AD00635B8F /* Localizable.strings */ = {isa = PBXFileReference; fileEncoding = 10; lastKnownFileType = text.plist.strings; path = Localizable.strings; sourceTree = "<group>"; };
		6C159AC30C78A06600635B8F /* ASCII Projektor.icns */ = {isa = PBXFileReference; lastKnownFileType = image.icns; path = "ASCII Projektor.icns"; sourceTree = "<group>"; };
		6C159AEC0C78A1ED00635B8F /* Sparkle.framework */ = {isa = PBXFileReference; lastKnownFileType = wrapper.framework; path = Sparkle.framework; sourceTree = "<group>"; };
		6C159B490C78AAA400635B8F /* AppDelegate.h */ = {isa = PBXFileReference; fileEncoding = 4; lastKnownFileType = sourcecode.c.h; path = AppDelegate.h; sourceTree = "<group>"; };
		6C159B4A0C78AAA400635B8F /* AppDelegate.m */ = {isa = PBXFileReference; fileEncoding = 4; lastKnownFileType = sourcecode.c.objc; path = AppDelegate.m; sourceTree = "<group>"; };
		6C159B540C78AC8F00635B8F /* English */ = {isa = PBXFileReference; lastKnownFileType = text.rtf; name = English; path = English.lproj/Readme.rtf; sourceTree = "<group>"; };
		6C159B5B0C78AE3200635B8F /* English */ = {isa = PBXFileReference; lastKnownFileType = text.rtf; name = English; path = "English.lproj/Version History.rtf"; sourceTree = "<group>"; };
		6C5201D50C9AFFE000080F87 /* ESFullScreenWindow.h */ = {isa = PBXFileReference; fileEncoding = 4; lastKnownFileType = sourcecode.c.h; path = ESFullScreenWindow.h; sourceTree = "<group>"; };
		6C5201D60C9AFFE000080F87 /* ESFullScreenWindow.m */ = {isa = PBXFileReference; fileEncoding = 4; lastKnownFileType = sourcecode.c.objc; path = ESFullScreenWindow.m; sourceTree = "<group>"; };
		6CA7F7210C7CC6360021D876 /* QTKit.framework */ = {isa = PBXFileReference; lastKnownFileType = wrapper.framework; name = QTKit.framework; path = /System/Library/Frameworks/QTKit.framework; sourceTree = "<absolute>"; };
		6CA7F8BC0C7CD8D50021D876 /* esDroppable.h */ = {isa = PBXFileReference; fileEncoding = 4; lastKnownFileType = sourcecode.c.h; path = esDroppable.h; sourceTree = "<group>"; };
		6CA7F8BD0C7CD8D50021D876 /* esDroppable.m */ = {isa = PBXFileReference; fileEncoding = 4; lastKnownFileType = sourcecode.c.objc; path = esDroppable.m; sourceTree = "<group>"; };
		6CF7CF160C83131300B926E9 /* MainMenu.xib */ = {isa = PBXFileReference; lastKnownFileType = file.xib; name = MainMenu.xib; path = fr.lproj/MainMenu.xib; sourceTree = "<group>"; };
		6CF7CF170C83131800B926E9 /* fr */ = {isa = PBXFileReference; lastKnownFileType = text.rtf; name = fr; path = fr.lproj/Credits.rtf; sourceTree = "<group>"; };
		6CF7CF180C83131F00B926E9 /* fr */ = {isa = PBXFileReference; lastKnownFileType = text.rtf; name = fr; path = fr.lproj/Readme.rtf; sourceTree = "<group>"; };
		6CF7CF190C83132500B926E9 /* fr */ = {isa = PBXFileReference; lastKnownFileType = text.rtf; name = fr; path = "fr.lproj/Version History.rtf"; sourceTree = "<group>"; };
		6CF7CF1E0C8313E300B926E9 /* MainMenu.xib */ = {isa = PBXFileReference; lastKnownFileType = file.xib; name = MainMenu.xib; path = de.lproj/MainMenu.xib; sourceTree = "<group>"; };
		6CF7CF210C83140000B926E9 /* de */ = {isa = PBXFileReference; lastKnownFileType = text.rtf; name = de; path = de.lproj/Credits.rtf; sourceTree = "<group>"; };
		6CF7CF220C83140400B926E9 /* de */ = {isa = PBXFileReference; lastKnownFileType = text.rtf; name = de; path = de.lproj/Readme.rtf; sourceTree = "<group>"; };
		6CF7CF230C83140700B926E9 /* de */ = {isa = PBXFileReference; lastKnownFileType = text.rtf; name = de; path = "de.lproj/Version History.rtf"; sourceTree = "<group>"; };
		6CF7CFDD0C837F4E00B926E9 /* MyDocumentController.h */ = {isa = PBXFileReference; fileEncoding = 4; lastKnownFileType = sourcecode.c.h; path = MyDocumentController.h; sourceTree = "<group>"; };
		6CFD4A430C7E38EF00B1469F /* MyDocument.h */ = {isa = PBXFileReference; fileEncoding = 4; lastKnownFileType = sourcecode.c.h; path = MyDocument.h; sourceTree = "<group>"; };
		6CFD4A440C7E38EF00B1469F /* MyDocumentController.m */ = {isa = PBXFileReference; fileEncoding = 4; lastKnownFileType = sourcecode.c.objc; path = MyDocumentController.m; sourceTree = "<group>"; };
		8D15AC360486D014006FF6A4 /* Info.plist */ = {isa = PBXFileReference; fileEncoding = 4; lastKnownFileType = text.plist; path = Info.plist; sourceTree = "<group>"; };
		8D15AC370486D014006FF6A4 /* ASCII Projektor.app */ = {isa = PBXFileReference; explicitFileType = wrapper.application; includeInIndex = 0; path = "ASCII Projektor.app"; sourceTree = BUILT_PRODUCTS_DIR; };
/* End PBXFileReference section */

/* Begin PBXFrameworksBuildPhase section */
		8D15AC330486D014006FF6A4 /* Frameworks */ = {
			isa = PBXFrameworksBuildPhase;
			buildActionMask = 2147483647;
			files = (
				8D15AC340486D014006FF6A4 /* Cocoa.framework in Frameworks */,
				6C1597BC0C785E6900635B8F /* QuartzComposer.framework in Frameworks */,
				6C159AED0C78A1ED00635B8F /* Sparkle.framework in Frameworks */,
				6CA7F7220C7CC6360021D876 /* QTKit.framework in Frameworks */,
			);
			runOnlyForDeploymentPostprocessing = 0;
		};
/* End PBXFrameworksBuildPhase section */

/* Begin PBXGroup section */
		1058C7A6FEA54F5311CA2CBB /* Linked Frameworks */ = {
			isa = PBXGroup;
			children = (
				6C0486F10C81F90A00509B4D /* QTKit.framework */,
				1058C7A7FEA54F5311CA2CBB /* Cocoa.framework */,
			);
			name = "Linked Frameworks";
			sourceTree = "<group>";
		};
		1058C7A8FEA54F5311CA2CBB /* Other Frameworks */ = {
			isa = PBXGroup;
			children = (
				6C159AEC0C78A1ED00635B8F /* Sparkle.framework */,
				6C1597BB0C785E6900635B8F /* QuartzComposer.framework */,
				2A37F4C4FDCFA73011CA2CEA /* AppKit.framework */,
				13E42FBA07B3F13500E4EEF1 /* CoreData.framework */,
				6CA7F7210C7CC6360021D876 /* QTKit.framework */,
				2A37F4C5FDCFA73011CA2CEA /* Foundation.framework */,
			);
			name = "Other Frameworks";
			sourceTree = "<group>";
		};
		19C28FB0FE9D524F11CA2CBB /* Products */ = {
			isa = PBXGroup;
			children = (
				8D15AC370486D014006FF6A4 /* ASCII Projektor.app */,
			);
			name = Products;
			sourceTree = "<group>";
		};
		2A37F4AAFDCFA73011CA2CEA /* ASCII Projektor 2b */ = {
			isa = PBXGroup;
			children = (
				2A37F4ABFDCFA73011CA2CEA /* Classes */,
				2A37F4AFFDCFA73011CA2CEA /* Other Sources */,
				2A37F4B8FDCFA73011CA2CEA /* Resources */,
				2A37F4C3FDCFA73011CA2CEA /* Frameworks */,
				19C28FB0FE9D524F11CA2CBB /* Products */,
			);
			name = "ASCII Projektor 2b";
			sourceTree = "<group>";
		};
		2A37F4ABFDCFA73011CA2CEA /* Classes */ = {
			isa = PBXGroup;
			children = (
				6C159B490C78AAA400635B8F /* AppDelegate.h */,
				6C159B4A0C78AAA400635B8F /* AppDelegate.m */,
				2A37F4AEFDCFA73011CA2CEA /* MyDocument.h */,
				2A37F4ACFDCFA73011CA2CEA /* MyDocument.m */,
				6CFD4A430C7E38EF00B1469F /* MyDocument.h */,
				6CF7CFDD0C837F4E00B926E9 /* MyDocumentController.h */,
				6CFD4A440C7E38EF00B1469F /* MyDocumentController.m */,
				6C1597CA0C78647800635B8F /* ComboBoxDataSources.h */,
				6C1597CB0C78647800635B8F /* ComboBoxDataSources.m */,
				6CA7F8BC0C7CD8D50021D876 /* esDroppable.h */,
				6CA7F8BD0C7CD8D50021D876 /* esDroppable.m */,
				6C0485CF0C81B04200509B4D /* RetroController.h */,
				6C0485D00C81B04200509B4D /* RetroController.m */,
				6C5201D50C9AFFE000080F87 /* ESFullScreenWindow.h */,
				6C5201D60C9AFFE000080F87 /* ESFullScreenWindow.m */,
			);
			name = Classes;
			sourceTree = "<group>";
		};
		2A37F4AFFDCFA73011CA2CEA /* Other Sources */ = {
			isa = PBXGroup;
			children = (
				32DBCF750370BD2300C91783 /* ASCII Projektor 2b_Prefix.pch */,
				2A37F4B0FDCFA73011CA2CEA /* main.m */,
			);
			name = "Other Sources";
			sourceTree = "<group>";
		};
		2A37F4B8FDCFA73011CA2CEA /* Resources */ = {
			isa = PBXGroup;
			children = (
				6C0485910C81ADC200509B4D /* ASCIIMoviePlayer */,
				6C159AC30C78A06600635B8F /* ASCII Projektor.icns */,
				6C0488C50C8242AC00509B4D /* ASCII-Projektor-File-Icon.icns */,
				6C159B5A0C78AE3200635B8F /* Version History.rtf */,
				6C159B530C78AC8F00635B8F /* Readme.rtf */,
				2A37F4B9FDCFA73011CA2CEA /* Credits.rtf */,
				2A37F4B6FDCFA73011CA2CEA /* MainMenu.nib */,
				2A37F4B4FDCFA73011CA2CEA /* MyDocument.nib */,
				8D15AC360486D014006FF6A4 /* Info.plist */,
				089C1660FE840EACC02AAC07 /* InfoPlist.strings */,
				6C15994E0C7888AD00635B8F /* Localizable.strings */,
			);
			name = Resources;
			sourceTree = "<group>";
		};
		2A37F4C3FDCFA73011CA2CEA /* Frameworks */ = {
			isa = PBXGroup;
			children = (
				1058C7A6FEA54F5311CA2CBB /* Linked Frameworks */,
				1058C7A8FEA54F5311CA2CBB /* Other Frameworks */,
			);
			name = Frameworks;
			sourceTree = "<group>";
		};
/* End PBXGroup section */

/* Begin PBXNativeTarget section */
		8D15AC270486D014006FF6A4 /* ASCII Projektor */ = {
			isa = PBXNativeTarget;
			buildConfigurationList = C05733C708A9546B00998B17 /* Build configuration list for PBXNativeTarget "ASCII Projektor" */;
			buildPhases = (
				8D15AC2B0486D014006FF6A4 /* Resources */,
				8D15AC300486D014006FF6A4 /* Sources */,
				8D15AC330486D014006FF6A4 /* Frameworks */,
				6C159B010C78A21300635B8F /* CopyFiles */,
			);
			buildRules = (
			);
			dependencies = (
			);
			name = "ASCII Projektor";
			productInstallPath = "$(HOME)/Applications";
			productName = "ASCII Projektor 2b";
			productReference = 8D15AC370486D014006FF6A4 /* ASCII Projektor.app */;
			productType = "com.apple.product-type.application";
		};
/* End PBXNativeTarget section */

/* Begin PBXProject section */
		2A37F4A9FDCFA73011CA2CEA /* Project object */ = {
			isa = PBXProject;
			attributes = {
				LastUpgradeCheck = 0460;
			};
			buildConfigurationList = C05733CB08A9546B00998B17 /* Build configuration list for PBXProject "ASCII Projektor" */;
			compatibilityVersion = "Xcode 3.2";
			developmentRegion = English;
			hasScannedForEncodings = 1;
			knownRegions = (
				English,
				Japanese,
				French,
				German,
				fr,
				de,
			);
			mainGroup = 2A37F4AAFDCFA73011CA2CEA /* ASCII Projektor 2b */;
			projectDirPath = "";
			projectRoot = "";
			targets = (
				8D15AC270486D014006FF6A4 /* ASCII Projektor */,
			);
		};
/* End PBXProject section */

/* Begin PBXResourcesBuildPhase section */
		8D15AC2B0486D014006FF6A4 /* Resources */ = {
			isa = PBXResourcesBuildPhase;
			buildActionMask = 2147483647;
			files = (
				8D15AC2C0486D014006FF6A4 /* Credits.rtf in Resources */,
				8D15AC2D0486D014006FF6A4 /* MainMenu.nib in Resources */,
				8D15AC2E0486D014006FF6A4 /* MyDocument.nib in Resources */,
				6C9FA45F0CC8C926000E2F7B /* InfoPlist.strings in Resources */,
				6C15996F0C7889FE00635B8F /* Localizable.strings in Resources */,
				6C159AC40C78A06600635B8F /* ASCII Projektor.icns in Resources */,
				6C159B550C78AC8F00635B8F /* Readme.rtf in Resources */,
				6C159B5C0C78AE3200635B8F /* Version History.rtf in Resources */,
				6C0485920C81ADC200509B4D /* ASCIIMoviePlayer in Resources */,
				6C0488C60C8242AC00509B4D /* ASCII-Projektor-File-Icon.icns in Resources */,
			);
			runOnlyForDeploymentPostprocessing = 0;
		};
/* End PBXResourcesBuildPhase section */

/* Begin PBXSourcesBuildPhase section */
		8D15AC300486D014006FF6A4 /* Sources */ = {
			isa = PBXSourcesBuildPhase;
			buildActionMask = 2147483647;
			files = (
				8D15AC310486D014006FF6A4 /* MyDocument.m in Sources */,
				8D15AC320486D014006FF6A4 /* main.m in Sources */,
				6C1597CC0C78647800635B8F /* ComboBoxDataSources.m in Sources */,
				6C159B4C0C78AAA400635B8F /* AppDelegate.m in Sources */,
				6CA7F8BF0C7CD8D50021D876 /* esDroppable.m in Sources */,
				6CFD4A450C7E38EF00B1469F /* MyDocumentController.m in Sources */,
				6C0485D20C81B04200509B4D /* RetroController.m in Sources */,
				6C5201D70C9AFFE000080F87 /* ESFullScreenWindow.m in Sources */,
			);
			runOnlyForDeploymentPostprocessing = 0;
		};
/* End PBXSourcesBuildPhase section */

/* Begin PBXVariantGroup section */
		2A37F4B4FDCFA73011CA2CEA /* MyDocument.nib */ = {
			isa = PBXVariantGroup;
			children = (
				2A37F4B5FDCFA73011CA2CEA /* MyDocument.xib */,
			);
			name = MyDocument.nib;
			sourceTree = "<group>";
		};
		2A37F4B6FDCFA73011CA2CEA /* MainMenu.nib */ = {
			isa = PBXVariantGroup;
			children = (
				2A37F4B7FDCFA73011CA2CEA /* MainMenu.xib */,
				6CF7CF1E0C8313E300B926E9 /* MainMenu.xib */,
				6CF7CF160C83131300B926E9 /* MainMenu.xib */,
			);
			name = MainMenu.nib;
			sourceTree = "<group>";
		};
		2A37F4B9FDCFA73011CA2CEA /* Credits.rtf */ = {
			isa = PBXVariantGroup;
			children = (
				2A37F4BAFDCFA73011CA2CEA /* English */,
				6CF7CF170C83131800B926E9 /* fr */,
				6CF7CF210C83140000B926E9 /* de */,
			);
			name = Credits.rtf;
			sourceTree = "<group>";
		};
		6C159B530C78AC8F00635B8F /* Readme.rtf */ = {
			isa = PBXVariantGroup;
			children = (
				6C159B540C78AC8F00635B8F /* English */,
				6CF7CF180C83131F00B926E9 /* fr */,
				6CF7CF220C83140400B926E9 /* de */,
			);
			name = Readme.rtf;
			sourceTree = "<group>";
		};
		6C159B5A0C78AE3200635B8F /* Version History.rtf */ = {
			isa = PBXVariantGroup;
			children = (
				6C159B5B0C78AE3200635B8F /* English */,
				6CF7CF190C83132500B926E9 /* fr */,
				6CF7CF230C83140700B926E9 /* de */,
			);
			name = "Version History.rtf";
			sourceTree = "<group>";
		};
/* End PBXVariantGroup section */

/* Begin XCBuildConfiguration section */
		C05733C808A9546B00998B17 /* Debug */ = {
			isa = XCBuildConfiguration;
			buildSettings = {
				COPY_PHASE_STRIP = NO;
				FRAMEWORK_SEARCH_PATHS = (
					"$(inherited)",
					"$(FRAMEWORK_SEARCH_PATHS_QUOTED_1)",
					"$(FRAMEWORK_SEARCH_PATHS_QUOTED_2)",
				);
				FRAMEWORK_SEARCH_PATHS_QUOTED_1 = "\"$(SYSTEM_LIBRARY_DIR)/Frameworks/Quartz.framework/Versions/A/Frameworks\"";
				FRAMEWORK_SEARCH_PATHS_QUOTED_2 = "\"$(SRCROOT)\"";
				GCC_DYNAMIC_NO_PIC = NO;
				GCC_MODEL_TUNING = G5;
				GCC_OPTIMIZATION_LEVEL = 0;
				INFOPLIST_FILE = Info.plist;
				INSTALL_PATH = "$(HOME)/Applications";
				PRODUCT_NAME = "ASCII Projektor";
				WRAPPER_EXTENSION = app;
				ZERO_LINK = YES;
			};
			name = Debug;
		};
		C05733C908A9546B00998B17 /* Release */ = {
			isa = XCBuildConfiguration;
			buildSettings = {
				ARCHS = (
					ppc,
					i386,
				);
				FRAMEWORK_SEARCH_PATHS = (
					"$(inherited)",
					"$(FRAMEWORK_SEARCH_PATHS_QUOTED_1)",
					"$(FRAMEWORK_SEARCH_PATHS_QUOTED_2)",
				);
				FRAMEWORK_SEARCH_PATHS_QUOTED_1 = "\"$(SYSTEM_LIBRARY_DIR)/Frameworks/Quartz.framework/Versions/A/Frameworks\"";
				FRAMEWORK_SEARCH_PATHS_QUOTED_2 = "\"$(SRCROOT)\"";
				GCC_GENERATE_DEBUGGING_SYMBOLS = NO;
				GCC_MODEL_TUNING = G5;
				INFOPLIST_FILE = Info.plist;
				INSTALL_PATH = "$(HOME)/Applications";
				PRODUCT_NAME = "ASCII Projektor";
				WRAPPER_EXTENSION = app;
			};
			name = Release;
		};
		C05733CC08A9546B00998B17 /* Debug */ = {
			isa = XCBuildConfiguration;
			buildSettings = {
				CODE_SIGN_IDENTITY = "earthlingsoft Software";
				GCC_WARN_ABOUT_RETURN_TYPE = YES;
				GCC_WARN_UNUSED_VARIABLE = YES;
				PROVISIONING_PROFILE = "";
				SDKROOT = macosx10.7;
			};
			name = Debug;
		};
		C05733CD08A9546B00998B17 /* Release */ = {
			isa = XCBuildConfiguration;
			buildSettings = {
				ARCHS = "$(ARCHS_STANDARD_32_64_BIT)";
				CODE_SIGN_IDENTITY = "earthlingsoft Software";
				GCC_WARN_ABOUT_RETURN_TYPE = YES;
				GCC_WARN_UNUSED_VARIABLE = YES;
				PROVISIONING_PROFILE = "";
				SDKROOT = macosx10.7;
			};
			name = Release;
		};
/* End XCBuildConfiguration section */

/* Begin XCConfigurationList section */
		C05733C708A9546B00998B17 /* Build configuration list for PBXNativeTarget "ASCII Projektor" */ = {
			isa = XCConfigurationList;
			buildConfigurations = (
				C05733C808A9546B00998B17 /* Debug */,
				C05733C908A9546B00998B17 /* Release */,
			);
			defaultConfigurationIsVisible = 0;
			defaultConfigurationName = Release;
		};
		C05733CB08A9546B00998B17 /* Build configuration list for PBXProject "ASCII Projektor" */ = {
			isa = XCConfigurationList;
			buildConfigurations = (
				C05733CC08A9546B00998B17 /* Debug */,
				C05733CD08A9546B00998B17 /* Release */,
			);
			defaultConfigurationIsVisible = 0;
			defaultConfigurationName = Release;
		};
/* End XCConfigurationList section */
	};
	rootObject = 2A37F4A9FDCFA73011CA2CEA /* Project object */;
}
